
Microsoft Visual Studio Solution File, Format Version 12.00
# Visual Studio Version 16
VisualStudioVersion = 16.0.29319.158
MinimumVisualStudioVersion = 10.0.40219.1
Project("{9A19103F-16F7-4668-BE54-9A1E7A4F7556}") = "NewKarma", "NewKarma\NewKarma.csproj", "{90FEECD6-F78E-4579-8749-0D8C084F0597}"
EndProject
Global
	GlobalSection(SolutionConfigurationPlatforms) = preSolution
		Debug|Any CPU = Debug|Any CPU
		Release|Any CPU = Release|Any CPU
	EndGlobalSection
	GlobalSection(ProjectConfigurationPlatforms) = postSolution
		{90FEECD6-F78E-4579-8749-0D8C084F0597}.Debug|Any CPU.ActiveCfg = Debug|Any CPU
		{90FEECD6-F78E-4579-8749-0D8C084F0597}.Debug|Any CPU.Build.0 = Debug|Any CPU
		{90FEECD6-F78E-4579-8749-0D8C084F0597}.Release|Any CPU.ActiveCfg = Release|Any CPU
		{90FEECD6-F78E-4579-8749-0D8C084F0597}.Release|Any CPU.Build.0 = Release|Any CPU
	EndGlobalSection
	GlobalSection(SolutionProperties) = preSolution
		HideSolutionNode = FALSE
	EndGlobalSection
	GlobalSection(ExtensibilityGlobals) = postSolution
		SolutionGuid = {CFB503FE-19D1-41A5-B7C7-74A494282292}
	EndGlobalSection
EndGlobal
